
Microsoft Visual Studio Solution File, Format Version 12.00
# Visual Studio 15
VisualStudioVersion = 15.0.26730.16
MinimumVisualStudioVersion = 10.0.40219.1
Project("{FAE04EC0-301F-11D3-BF4B-00C04F79EFBC}") = "PictureFrame", "PictureFrame\PictureFrame.csproj", "{59CA9B0D-BBFF-4996-99DA-D278CAB01CAA}"
EndProject
Global
	GlobalSection(SolutionConfigurationPlatforms) = preSolution
		Debug|Any CPU = Debug|Any CPU
		Release|Any CPU = Release|Any CPU
	EndGlobalSection
	GlobalSection(ProjectConfigurationPlatforms) = postSolution
		{59CA9B0D-BBFF-4996-99DA-D278CAB01CAA}.Debug|Any CPU.ActiveCfg = Debug|Any CPU
		{59CA9B0D-BBFF-4996-99DA-D278CAB01CAA}.Debug|Any CPU.Build.0 = Debug|Any CPU
		{59CA9B0D-BBFF-4996-99DA-D278CAB01CAA}.Debug|Any CPU.Deploy.0 = Debug|Any CPU
		{59CA9B0D-BBFF-4996-99DA-D278CAB01CAA}.Release|Any CPU.ActiveCfg = Release|Any CPU
		{59CA9B0D-BBFF-4996-99DA-D278CAB01CAA}.Release|Any CPU.Build.0 = Release|Any CPU
		{59CA9B0D-BBFF-4996-99DA-D278CAB01CAA}.Release|Any CPU.Deploy.0 = Release|Any CPU
	EndGlobalSection
	GlobalSection(SolutionProperties) = preSolution
		HideSolutionNode = FALSE
	EndGlobalSection
	GlobalSection(ExtensibilityGlobals) = postSolution
		SolutionGuid = {0BC5EAB7-A490-47FA-B43F-C3298D3F1DF8}
	EndGlobalSection
EndGlobal
